
Microsoft Visual Studio Solution File, Format Version 12.00
# Visual Studio 15
VisualStudioVersion = 15.0.28307.421
MinimumVisualStudioVersion = 10.0.40219.1
Project("{FAE04EC0-301F-11D3-BF4B-00C04F79EFBC}") = "kDrzewa", "kDrzewa\kDrzewa.csproj", "{963C6A98-556F-4BB2-A726-EA8DE0A28162}"
EndProject
Global
	GlobalSection(SolutionConfigurationPlatforms) = preSolution
		Debug|Any CPU = Debug|Any CPU
		Release|Any CPU = Release|Any CPU
	EndGlobalSection
	GlobalSection(ProjectConfigurationPlatforms) = postSolution
		{963C6A98-556F-4BB2-A726-EA8DE0A28162}.Debug|Any CPU.ActiveCfg = Debug|Any CPU
		{963C6A98-556F-4BB2-A726-EA8DE0A28162}.Debug|Any CPU.Build.0 = Debug|Any CPU
		{963C6A98-556F-4BB2-A726-EA8DE0A28162}.Release|Any CPU.ActiveCfg = Release|Any CPU
		{963C6A98-556F-4BB2-A726-EA8DE0A28162}.Release|Any CPU.Build.0 = Release|Any CPU
	EndGlobalSection
	GlobalSection(SolutionProperties) = preSolution
		HideSolutionNode = FALSE
	EndGlobalSection
	GlobalSection(ExtensibilityGlobals) = postSolution
		SolutionGuid = {7C68EC53-F30C-4B6D-B748-27171FA6F547}
	EndGlobalSection
EndGlobal
